
Microsoft Visual Studio Solution File, Format Version 12.00
# Visual Studio Version 17
VisualStudioVersion = 17.7.34031.279
MinimumVisualStudioVersion = 10.0.40219.1
Project("{FAE04EC0-301F-11D3-BF4B-00C04F79EFBC}") = "ConsoleApp15", "ConsoleApp15\ConsoleApp15.csproj", "{84529DBE-FF0D-4776-99AC-6485ACCBD890}"
EndProject
Global
	GlobalSection(SolutionConfigurationPlatforms) = preSolution
		Debug|Any CPU = Debug|Any CPU
		Release|Any CPU = Release|Any CPU
	EndGlobalSection
	GlobalSection(ProjectConfigurationPlatforms) = postSolution
		{84529DBE-FF0D-4776-99AC-6485ACCBD890}.Debug|Any CPU.ActiveCfg = Debug|Any CPU
		{84529DBE-FF0D-4776-99AC-6485ACCBD890}.Debug|Any CPU.Build.0 = Debug|Any CPU
		{84529DBE-FF0D-4776-99AC-6485ACCBD890}.Release|Any CPU.ActiveCfg = Release|Any CPU
		{84529DBE-FF0D-4776-99AC-6485ACCBD890}.Release|Any CPU.Build.0 = Release|Any CPU
	EndGlobalSection
	GlobalSection(SolutionProperties) = preSolution
		HideSolutionNode = FALSE
	EndGlobalSection
	GlobalSection(ExtensibilityGlobals) = postSolution
		SolutionGuid = {297AED6D-892A-4A15-85DC-B0601D3A59E4}
	EndGlobalSection
EndGlobal
